
Microsoft Visual Studio Solution File, Format Version 12.00
# Visual Studio Version 16
VisualStudioVersion = 16.0.30320.27
MinimumVisualStudioVersion = 10.0.40219.1
Project("{2150E333-8FDC-42A3-9474-1A3956D46DE8}") = "01 - Apresentação", "01 - Apresentação", "{D71E6EDF-C2C3-4AF1-BC89-E7D37EBD81E0}"
EndProject
Project("{2150E333-8FDC-42A3-9474-1A3956D46DE8}") = "02 - Serviço", "02 - Serviço", "{4953BB6C-1801-4F63-A774-0DA4B34C2936}"
EndProject
Project("{2150E333-8FDC-42A3-9474-1A3956D46DE8}") = "03 - Aplicação", "03 - Aplicação", "{06F604BF-5B66-4ECC-A0FF-0C42613E5F86}"
EndProject
Project("{2150E333-8FDC-42A3-9474-1A3956D46DE8}") = "04 - Dominio", "04 - Dominio", "{D3341D3E-2344-4EE8-8D4E-E14AF346EEF9}"
EndProject
Project("{2150E333-8FDC-42A3-9474-1A3956D46DE8}") = "05 - Infra", "05 - Infra", "{AC779942-C81D-4CBF-8BE2-BDA60935A226}"
EndProject
Project("{2150E333-8FDC-42A3-9474-1A3956D46DE8}") = "src", "src", "{2E101712-04E9-4406-8AA5-75DDA73378F9}"
EndProject
Project("{FAE04EC0-301F-11D3-BF4B-00C04F79EFBC}") = "APICliente.Dominio", "APICliente.Dominio\APICliente.Dominio.csproj", "{2C24F950-6E3C-4B76-AA42-16822F9F19BA}"
EndProject
Project("{FAE04EC0-301F-11D3-BF4B-00C04F79EFBC}") = "APICliente.Infra.Data", "APICliente.Infra.Data\APICliente.Infra.Data.csproj", "{5CAE669A-64DB-4B01-BBB2-E5BD86D5513B}"
EndProject
Project("{FAE04EC0-301F-11D3-BF4B-00C04F79EFBC}") = "APICliente.Infra.CrossCutting.IoC", "APICliente.Infra.CrossCutting\APICliente.Infra.CrossCutting.IoC.csproj", "{FB7E3081-322E-4AF9-ACCE-7A9801152012}"
EndProject
Project("{FAE04EC0-301F-11D3-BF4B-00C04F79EFBC}") = "APICliente.Aplicação", "APICliente.Aplicação\APICliente.Aplicação.csproj", "{DADD51BD-B409-449D-A6B5-F9135ECCDD40}"
EndProject
Project("{FAE04EC0-301F-11D3-BF4B-00C04F79EFBC}") = "APICliente.Serviços.API", "APICliente.Serviços.API\APICliente.Serviços.API.csproj", "{3BEA30AB-6AE2-4A05-AD83-96932E8C7330}"
EndProject
Project("{FAE04EC0-301F-11D3-BF4B-00C04F79EFBC}") = "APICliente.Infra.CrossCutting.Adapter", "APICliente.Infra.CrossCutting.Adapter\APICliente.Infra.CrossCutting.Adapter.csproj", "{608E970F-FAF8-4749-A3BC-9EDC7E1F246F}"
EndProject
Global
	GlobalSection(SolutionConfigurationPlatforms) = preSolution
		Debug|Any CPU = Debug|Any CPU
		Release|Any CPU = Release|Any CPU
	EndGlobalSection
	GlobalSection(ProjectConfigurationPlatforms) = postSolution
		{2C24F950-6E3C-4B76-AA42-16822F9F19BA}.Debug|Any CPU.ActiveCfg = Debug|Any CPU
		{2C24F950-6E3C-4B76-AA42-16822F9F19BA}.Debug|Any CPU.Build.0 = Debug|Any CPU
		{2C24F950-6E3C-4B76-AA42-16822F9F19BA}.Release|Any CPU.ActiveCfg = Release|Any CPU
		{2C24F950-6E3C-4B76-AA42-16822F9F19BA}.Release|Any CPU.Build.0 = Release|Any CPU
		{5CAE669A-64DB-4B01-BBB2-E5BD86D5513B}.Debug|Any CPU.ActiveCfg = Debug|Any CPU
		{5CAE669A-64DB-4B01-BBB2-E5BD86D5513B}.Debug|Any CPU.Build.0 = Debug|Any CPU
		{5CAE669A-64DB-4B01-BBB2-E5BD86D5513B}.Release|Any CPU.ActiveCfg = Release|Any CPU
		{5CAE669A-64DB-4B01-BBB2-E5BD86D5513B}.Release|Any CPU.Build.0 = Release|Any CPU
		{FB7E3081-322E-4AF9-ACCE-7A9801152012}.Debug|Any CPU.ActiveCfg = Debug|Any CPU
		{FB7E3081-322E-4AF9-ACCE-7A9801152012}.Debug|Any CPU.Build.0 = Debug|Any CPU
		{FB7E3081-322E-4AF9-ACCE-7A9801152012}.Release|Any CPU.ActiveCfg = Release|Any CPU
		{FB7E3081-322E-4AF9-ACCE-7A9801152012}.Release|Any CPU.Build.0 = Release|Any CPU
		{DADD51BD-B409-449D-A6B5-F9135ECCDD40}.Debug|Any CPU.ActiveCfg = Debug|Any CPU
		{DADD51BD-B409-449D-A6B5-F9135ECCDD40}.Debug|Any CPU.Build.0 = Debug|Any CPU
		{DADD51BD-B409-449D-A6B5-F9135ECCDD40}.Release|Any CPU.ActiveCfg = Release|Any CPU
		{DADD51BD-B409-449D-A6B5-F9135ECCDD40}.Release|Any CPU.Build.0 = Release|Any CPU
		{3BEA30AB-6AE2-4A05-AD83-96932E8C7330}.Debug|Any CPU.ActiveCfg = Debug|Any CPU
		{3BEA30AB-6AE2-4A05-AD83-96932E8C7330}.Debug|Any CPU.Build.0 = Debug|Any CPU
		{3BEA30AB-6AE2-4A05-AD83-96932E8C7330}.Release|Any CPU.ActiveCfg = Release|Any CPU
		{3BEA30AB-6AE2-4A05-AD83-96932E8C7330}.Release|Any CPU.Build.0 = Release|Any CPU
		{608E970F-FAF8-4749-A3BC-9EDC7E1F246F}.Debug|Any CPU.ActiveCfg = Debug|Any CPU
		{608E970F-FAF8-4749-A3BC-9EDC7E1F246F}.Debug|Any CPU.Build.0 = Debug|Any CPU
		{608E970F-FAF8-4749-A3BC-9EDC7E1F246F}.Release|Any CPU.ActiveCfg = Release|Any CPU
		{608E970F-FAF8-4749-A3BC-9EDC7E1F246F}.Release|Any CPU.Build.0 = Release|Any CPU
	EndGlobalSection
	GlobalSection(SolutionProperties) = preSolution
		HideSolutionNode = FALSE
	EndGlobalSection
	GlobalSection(NestedProjects) = preSolution
		{D71E6EDF-C2C3-4AF1-BC89-E7D37EBD81E0} = {2E101712-04E9-4406-8AA5-75DDA73378F9}
		{4953BB6C-1801-4F63-A774-0DA4B34C2936} = {2E101712-04E9-4406-8AA5-75DDA73378F9}
		{06F604BF-5B66-4ECC-A0FF-0C42613E5F86} = {2E101712-04E9-4406-8AA5-75DDA73378F9}
		{D3341D3E-2344-4EE8-8D4E-E14AF346EEF9} = {2E101712-04E9-4406-8AA5-75DDA73378F9}
		{AC779942-C81D-4CBF-8BE2-BDA60935A226} = {2E101712-04E9-4406-8AA5-75DDA73378F9}
		{2C24F950-6E3C-4B76-AA42-16822F9F19BA} = {D3341D3E-2344-4EE8-8D4E-E14AF346EEF9}
		{5CAE669A-64DB-4B01-BBB2-E5BD86D5513B} = {AC779942-C81D-4CBF-8BE2-BDA60935A226}
		{FB7E3081-322E-4AF9-ACCE-7A9801152012} = {AC779942-C81D-4CBF-8BE2-BDA60935A226}
		{DADD51BD-B409-449D-A6B5-F9135ECCDD40} = {06F604BF-5B66-4ECC-A0FF-0C42613E5F86}
		{3BEA30AB-6AE2-4A05-AD83-96932E8C7330} = {4953BB6C-1801-4F63-A774-0DA4B34C2936}
		{608E970F-FAF8-4749-A3BC-9EDC7E1F246F} = {AC779942-C81D-4CBF-8BE2-BDA60935A226}
	EndGlobalSection
	GlobalSection(ExtensibilityGlobals) = postSolution
		SolutionGuid = {A26308E7-E22D-4B75-AE4F-C84A56E363F3}
	EndGlobalSection
EndGlobal
